
Microsoft Visual Studio Solution File, Format Version 12.00
# Visual Studio Version 16
VisualStudioVersion = 16.0.28721.148
MinimumVisualStudioVersion = 15.0.26124.0
Project("{9A19103F-16F7-4668-BE54-9A1E7A4F7556}") = "SC.Api", "SC.Api\SC.Api.csproj", "{DF7ECBA8-A493-4164-ABFC-1B309B314114}"
EndProject
Project("{2150E333-8FDC-42A3-9474-1A3956D46DE8}") = "Core", "Core", "{FF3A6CD5-E24E-4EA2-8569-459B05B9E371}"
EndProject
Project("{9A19103F-16F7-4668-BE54-9A1E7A4F7556}") = "SC.Domain", "Core\SC.Domain\SC.Domain.csproj", "{4BD38491-387C-438E-B875-79F74BC79656}"
EndProject
Project("{9A19103F-16F7-4668-BE54-9A1E7A4F7556}") = "SC.Application", "Core\SC.Application\SC.Application.csproj", "{9AB712CC-F083-4BC1-BF02-00A17F722665}"
EndProject
Project("{9A19103F-16F7-4668-BE54-9A1E7A4F7556}") = "SC.Infrastructure", "Core\SC.Infrastructure\SC.Infrastructure.csproj", "{2974A52C-640A-4400-AE24-B06A048C55D1}"
EndProject
Project("{9A19103F-16F7-4668-BE54-9A1E7A4F7556}") = "SC.IoC", "Core\SC.IoC\SC.IoC.csproj", "{B4624139-8DBE-4CE2-A45B-7A339EA10180}"
EndProject
Project("{9A19103F-16F7-4668-BE54-9A1E7A4F7556}") = "SC.Bus", "Core\SC.Bus\SC.Bus.csproj", "{25B67A11-32D3-4DAA-AAE8-8954A9EE97AF}"
EndProject
Project("{FAE04EC0-301F-11D3-BF4B-00C04F79EFBC}") = "SC.Core", "Core\SC.Core\SC.Core.csproj", "{61E17185-8653-444D-8314-4CA7DE63E776}"
EndProject
Project("{2150E333-8FDC-42A3-9474-1A3956D46DE8}") = "Tests", "Tests", "{A1B5A968-2431-427F-AEFE-7227DB997F52}"
EndProject
Project("{FAE04EC0-301F-11D3-BF4B-00C04F79EFBC}") = "SC.Application.Tests", "Tests\SC.Application.Tests\SC.Application.Tests.csproj", "{80BF8DA9-6A1E-4990-B87C-23B7EF4CAFEB}"
EndProject
Project("{FAE04EC0-301F-11D3-BF4B-00C04F79EFBC}") = "SC.Domain.Tests", "Tests\SC.Domain.Tests\SC.Domain.Tests.csproj", "{169D46F5-6CCB-4F81-992B-15A2665E9A12}"
EndProject
Global
	GlobalSection(SolutionConfigurationPlatforms) = preSolution
		Debug|Any CPU = Debug|Any CPU
		Debug|x64 = Debug|x64
		Debug|x86 = Debug|x86
		Release|Any CPU = Release|Any CPU
		Release|x64 = Release|x64
		Release|x86 = Release|x86
	EndGlobalSection
	GlobalSection(ProjectConfigurationPlatforms) = postSolution
		{DF7ECBA8-A493-4164-ABFC-1B309B314114}.Debug|Any CPU.ActiveCfg = Debug|Any CPU
		{DF7ECBA8-A493-4164-ABFC-1B309B314114}.Debug|Any CPU.Build.0 = Debug|Any CPU
		{DF7ECBA8-A493-4164-ABFC-1B309B314114}.Debug|x64.ActiveCfg = Debug|Any CPU
		{DF7ECBA8-A493-4164-ABFC-1B309B314114}.Debug|x64.Build.0 = Debug|Any CPU
		{DF7ECBA8-A493-4164-ABFC-1B309B314114}.Debug|x86.ActiveCfg = Debug|Any CPU
		{DF7ECBA8-A493-4164-ABFC-1B309B314114}.Debug|x86.Build.0 = Debug|Any CPU
		{DF7ECBA8-A493-4164-ABFC-1B309B314114}.Release|Any CPU.ActiveCfg = Release|Any CPU
		{DF7ECBA8-A493-4164-ABFC-1B309B314114}.Release|Any CPU.Build.0 = Release|Any CPU
		{DF7ECBA8-A493-4164-ABFC-1B309B314114}.Release|x64.ActiveCfg = Release|Any CPU
		{DF7ECBA8-A493-4164-ABFC-1B309B314114}.Release|x64.Build.0 = Release|Any CPU
		{DF7ECBA8-A493-4164-ABFC-1B309B314114}.Release|x86.ActiveCfg = Release|Any CPU
		{DF7ECBA8-A493-4164-ABFC-1B309B314114}.Release|x86.Build.0 = Release|Any CPU
		{4BD38491-387C-438E-B875-79F74BC79656}.Debug|Any CPU.ActiveCfg = Debug|Any CPU
		{4BD38491-387C-438E-B875-79F74BC79656}.Debug|Any CPU.Build.0 = Debug|Any CPU
		{4BD38491-387C-438E-B875-79F74BC79656}.Debug|x64.ActiveCfg = Debug|Any CPU
		{4BD38491-387C-438E-B875-79F74BC79656}.Debug|x64.Build.0 = Debug|Any CPU
		{4BD38491-387C-438E-B875-79F74BC79656}.Debug|x86.ActiveCfg = Debug|Any CPU
		{4BD38491-387C-438E-B875-79F74BC79656}.Debug|x86.Build.0 = Debug|Any CPU
		{4BD38491-387C-438E-B875-79F74BC79656}.Release|Any CPU.ActiveCfg = Release|Any CPU
		{4BD38491-387C-438E-B875-79F74BC79656}.Release|Any CPU.Build.0 = Release|Any CPU
		{4BD38491-387C-438E-B875-79F74BC79656}.Release|x64.ActiveCfg = Release|Any CPU
		{4BD38491-387C-438E-B875-79F74BC79656}.Release|x64.Build.0 = Release|Any CPU
		{4BD38491-387C-438E-B875-79F74BC79656}.Release|x86.ActiveCfg = Release|Any CPU
		{4BD38491-387C-438E-B875-79F74BC79656}.Release|x86.Build.0 = Release|Any CPU
		{9AB712CC-F083-4BC1-BF02-00A17F722665}.Debug|Any CPU.ActiveCfg = Debug|Any CPU
		{9AB712CC-F083-4BC1-BF02-00A17F722665}.Debug|Any CPU.Build.0 = Debug|Any CPU
		{9AB712CC-F083-4BC1-BF02-00A17F722665}.Debug|x64.ActiveCfg = Debug|Any CPU
		{9AB712CC-F083-4BC1-BF02-00A17F722665}.Debug|x64.Build.0 = Debug|Any CPU
		{9AB712CC-F083-4BC1-BF02-00A17F722665}.Debug|x86.ActiveCfg = Debug|Any CPU
		{9AB712CC-F083-4BC1-BF02-00A17F722665}.Debug|x86.Build.0 = Debug|Any CPU
		{9AB712CC-F083-4BC1-BF02-00A17F722665}.Release|Any CPU.ActiveCfg = Release|Any CPU
		{9AB712CC-F083-4BC1-BF02-00A17F722665}.Release|Any CPU.Build.0 = Release|Any CPU
		{9AB712CC-F083-4BC1-BF02-00A17F722665}.Release|x64.ActiveCfg = Release|Any CPU
		{9AB712CC-F083-4BC1-BF02-00A17F722665}.Release|x64.Build.0 = Release|Any CPU
		{9AB712CC-F083-4BC1-BF02-00A17F722665}.Release|x86.ActiveCfg = Release|Any CPU
		{9AB712CC-F083-4BC1-BF02-00A17F722665}.Release|x86.Build.0 = Release|Any CPU
		{2974A52C-640A-4400-AE24-B06A048C55D1}.Debug|Any CPU.ActiveCfg = Debug|Any CPU
		{2974A52C-640A-4400-AE24-B06A048C55D1}.Debug|Any CPU.Build.0 = Debug|Any CPU
		{2974A52C-640A-4400-AE24-B06A048C55D1}.Debug|x64.ActiveCfg = Debug|Any CPU
		{2974A52C-640A-4400-AE24-B06A048C55D1}.Debug|x64.Build.0 = Debug|Any CPU
		{2974A52C-640A-4400-AE24-B06A048C55D1}.Debug|x86.ActiveCfg = Debug|Any CPU
		{2974A52C-640A-4400-AE24-B06A048C55D1}.Debug|x86.Build.0 = Debug|Any CPU
		{2974A52C-640A-4400-AE24-B06A048C55D1}.Release|Any CPU.ActiveCfg = Release|Any CPU
		{2974A52C-640A-4400-AE24-B06A048C55D1}.Release|Any CPU.Build.0 = Release|Any CPU
		{2974A52C-640A-4400-AE24-B06A048C55D1}.Release|x64.ActiveCfg = Release|Any CPU
		{2974A52C-640A-4400-AE24-B06A048C55D1}.Release|x64.Build.0 = Release|Any CPU
		{2974A52C-640A-4400-AE24-B06A048C55D1}.Release|x86.ActiveCfg = Release|Any CPU
		{2974A52C-640A-4400-AE24-B06A048C55D1}.Release|x86.Build.0 = Release|Any CPU
		{B4624139-8DBE-4CE2-A45B-7A339EA10180}.Debug|Any CPU.ActiveCfg = Debug|Any CPU
		{B4624139-8DBE-4CE2-A45B-7A339EA10180}.Debug|Any CPU.Build.0 = Debug|Any CPU
		{B4624139-8DBE-4CE2-A45B-7A339EA10180}.Debug|x64.ActiveCfg = Debug|Any CPU
		{B4624139-8DBE-4CE2-A45B-7A339EA10180}.Debug|x64.Build.0 = Debug|Any CPU
		{B4624139-8DBE-4CE2-A45B-7A339EA10180}.Debug|x86.ActiveCfg = Debug|Any CPU
		{B4624139-8DBE-4CE2-A45B-7A339EA10180}.Debug|x86.Build.0 = Debug|Any CPU
		{B4624139-8DBE-4CE2-A45B-7A339EA10180}.Release|Any CPU.ActiveCfg = Release|Any CPU
		{B4624139-8DBE-4CE2-A45B-7A339EA10180}.Release|Any CPU.Build.0 = Release|Any CPU
		{B4624139-8DBE-4CE2-A45B-7A339EA10180}.Release|x64.ActiveCfg = Release|Any CPU
		{B4624139-8DBE-4CE2-A45B-7A339EA10180}.Release|x64.Build.0 = Release|Any CPU
		{B4624139-8DBE-4CE2-A45B-7A339EA10180}.Release|x86.ActiveCfg = Release|Any CPU
		{B4624139-8DBE-4CE2-A45B-7A339EA10180}.Release|x86.Build.0 = Release|Any CPU
		{25B67A11-32D3-4DAA-AAE8-8954A9EE97AF}.Debug|Any CPU.ActiveCfg = Debug|Any CPU
		{25B67A11-32D3-4DAA-AAE8-8954A9EE97AF}.Debug|Any CPU.Build.0 = Debug|Any CPU
		{25B67A11-32D3-4DAA-AAE8-8954A9EE97AF}.Debug|x64.ActiveCfg = Debug|Any CPU
		{25B67A11-32D3-4DAA-AAE8-8954A9EE97AF}.Debug|x64.Build.0 = Debug|Any CPU
		{25B67A11-32D3-4DAA-AAE8-8954A9EE97AF}.Debug|x86.ActiveCfg = Debug|Any CPU
		{25B67A11-32D3-4DAA-AAE8-8954A9EE97AF}.Debug|x86.Build.0 = Debug|Any CPU
		{25B67A11-32D3-4DAA-AAE8-8954A9EE97AF}.Release|Any CPU.ActiveCfg = Release|Any CPU
		{25B67A11-32D3-4DAA-AAE8-8954A9EE97AF}.Release|Any CPU.Build.0 = Release|Any CPU
		{25B67A11-32D3-4DAA-AAE8-8954A9EE97AF}.Release|x64.ActiveCfg = Release|Any CPU
		{25B67A11-32D3-4DAA-AAE8-8954A9EE97AF}.Release|x64.Build.0 = Release|Any CPU
		{25B67A11-32D3-4DAA-AAE8-8954A9EE97AF}.Release|x86.ActiveCfg = Release|Any CPU
		{25B67A11-32D3-4DAA-AAE8-8954A9EE97AF}.Release|x86.Build.0 = Release|Any CPU
		{61E17185-8653-444D-8314-4CA7DE63E776}.Debug|Any CPU.ActiveCfg = Debug|Any CPU
		{61E17185-8653-444D-8314-4CA7DE63E776}.Debug|Any CPU.Build.0 = Debug|Any CPU
		{61E17185-8653-444D-8314-4CA7DE63E776}.Debug|x64.ActiveCfg = Debug|Any CPU
		{61E17185-8653-444D-8314-4CA7DE63E776}.Debug|x64.Build.0 = Debug|Any CPU
		{61E17185-8653-444D-8314-4CA7DE63E776}.Debug|x86.ActiveCfg = Debug|Any CPU
		{61E17185-8653-444D-8314-4CA7DE63E776}.Debug|x86.Build.0 = Debug|Any CPU
		{61E17185-8653-444D-8314-4CA7DE63E776}.Release|Any CPU.ActiveCfg = Release|Any CPU
		{61E17185-8653-444D-8314-4CA7DE63E776}.Release|Any CPU.Build.0 = Release|Any CPU
		{61E17185-8653-444D-8314-4CA7DE63E776}.Release|x64.ActiveCfg = Release|Any CPU
		{61E17185-8653-444D-8314-4CA7DE63E776}.Release|x64.Build.0 = Release|Any CPU
		{61E17185-8653-444D-8314-4CA7DE63E776}.Release|x86.ActiveCfg = Release|Any CPU
		{61E17185-8653-444D-8314-4CA7DE63E776}.Release|x86.Build.0 = Release|Any CPU
		{80BF8DA9-6A1E-4990-B87C-23B7EF4CAFEB}.Debug|Any CPU.ActiveCfg = Debug|Any CPU
		{80BF8DA9-6A1E-4990-B87C-23B7EF4CAFEB}.Debug|Any CPU.Build.0 = Debug|Any CPU
		{80BF8DA9-6A1E-4990-B87C-23B7EF4CAFEB}.Debug|x64.ActiveCfg = Debug|Any CPU
		{80BF8DA9-6A1E-4990-B87C-23B7EF4CAFEB}.Debug|x64.Build.0 = Debug|Any CPU
		{80BF8DA9-6A1E-4990-B87C-23B7EF4CAFEB}.Debug|x86.ActiveCfg = Debug|Any CPU
		{80BF8DA9-6A1E-4990-B87C-23B7EF4CAFEB}.Debug|x86.Build.0 = Debug|Any CPU
		{80BF8DA9-6A1E-4990-B87C-23B7EF4CAFEB}.Release|Any CPU.ActiveCfg = Release|Any CPU
		{80BF8DA9-6A1E-4990-B87C-23B7EF4CAFEB}.Release|Any CPU.Build.0 = Release|Any CPU
		{80BF8DA9-6A1E-4990-B87C-23B7EF4CAFEB}.Release|x64.ActiveCfg = Release|Any CPU
		{80BF8DA9-6A1E-4990-B87C-23B7EF4CAFEB}.Release|x64.Build.0 = Release|Any CPU
		{80BF8DA9-6A1E-4990-B87C-23B7EF4CAFEB}.Release|x86.ActiveCfg = Release|Any CPU
		{80BF8DA9-6A1E-4990-B87C-23B7EF4CAFEB}.Release|x86.Build.0 = Release|Any CPU
		{169D46F5-6CCB-4F81-992B-15A2665E9A12}.Debug|Any CPU.ActiveCfg = Debug|Any CPU
		{169D46F5-6CCB-4F81-992B-15A2665E9A12}.Debug|Any CPU.Build.0 = Debug|Any CPU
		{169D46F5-6CCB-4F81-992B-15A2665E9A12}.Debug|x64.ActiveCfg = Debug|Any CPU
		{169D46F5-6CCB-4F81-992B-15A2665E9A12}.Debug|x64.Build.0 = Debug|Any CPU
		{169D46F5-6CCB-4F81-992B-15A2665E9A12}.Debug|x86.ActiveCfg = Debug|Any CPU
		{169D46F5-6CCB-4F81-992B-15A2665E9A12}.Debug|x86.Build.0 = Debug|Any CPU
		{169D46F5-6CCB-4F81-992B-15A2665E9A12}.Release|Any CPU.ActiveCfg = Release|Any CPU
		{169D46F5-6CCB-4F81-992B-15A2665E9A12}.Release|Any CPU.Build.0 = Release|Any CPU
		{169D46F5-6CCB-4F81-992B-15A2665E9A12}.Release|x64.ActiveCfg = Release|Any CPU
		{169D46F5-6CCB-4F81-992B-15A2665E9A12}.Release|x64.Build.0 = Release|Any CPU
		{169D46F5-6CCB-4F81-992B-15A2665E9A12}.Release|x86.ActiveCfg = Release|Any CPU
		{169D46F5-6CCB-4F81-992B-15A2665E9A12}.Release|x86.Build.0 = Release|Any CPU
	EndGlobalSection
	GlobalSection(SolutionProperties) = preSolution
		HideSolutionNode = FALSE
	EndGlobalSection
	GlobalSection(NestedProjects) = preSolution
		{4BD38491-387C-438E-B875-79F74BC79656} = {FF3A6CD5-E24E-4EA2-8569-459B05B9E371}
		{9AB712CC-F083-4BC1-BF02-00A17F722665} = {FF3A6CD5-E24E-4EA2-8569-459B05B9E371}
		{2974A52C-640A-4400-AE24-B06A048C55D1} = {FF3A6CD5-E24E-4EA2-8569-459B05B9E371}
		{B4624139-8DBE-4CE2-A45B-7A339EA10180} = {FF3A6CD5-E24E-4EA2-8569-459B05B9E371}
		{25B67A11-32D3-4DAA-AAE8-8954A9EE97AF} = {FF3A6CD5-E24E-4EA2-8569-459B05B9E371}
		{61E17185-8653-444D-8314-4CA7DE63E776} = {FF3A6CD5-E24E-4EA2-8569-459B05B9E371}
		{80BF8DA9-6A1E-4990-B87C-23B7EF4CAFEB} = {A1B5A968-2431-427F-AEFE-7227DB997F52}
		{169D46F5-6CCB-4F81-992B-15A2665E9A12} = {A1B5A968-2431-427F-AEFE-7227DB997F52}
	EndGlobalSection
	GlobalSection(ExtensibilityGlobals) = postSolution
		SolutionGuid = {8D48E60A-0FEF-4EA9-919A-B05128A9B5E0}
	EndGlobalSection
EndGlobal
