
Microsoft Visual Studio Solution File, Format Version 12.00
# Visual Studio 15
VisualStudioVersion = 15.0.26124.0
MinimumVisualStudioVersion = 15.0.26124.0
Project("{FAE04EC0-301F-11D3-BF4B-00C04F79EFBC}") = "SC.Api", "SC.Api\SC.Api.csproj", "{DF7ECBA8-A493-4164-ABFC-1B309B314114}"
EndProject
Project("{2150E333-8FDC-42A3-9474-1A3956D46DE8}") = "Core", "Core", "{FF3A6CD5-E24E-4EA2-8569-459B05B9E371}"
EndProject
Project("{FAE04EC0-301F-11D3-BF4B-00C04F79EFBC}") = "SC.Domain", "Core\SC.Domain\SC.Domain.csproj", "{4BD38491-387C-438E-B875-79F74BC79656}"
EndProject
Project("{FAE04EC0-301F-11D3-BF4B-00C04F79EFBC}") = "SC.Application", "Core\SC.Application\SC.Application.csproj", "{9AB712CC-F083-4BC1-BF02-00A17F722665}"
EndProject
Project("{FAE04EC0-301F-11D3-BF4B-00C04F79EFBC}") = "SC.Infrastructure", "Core\SC.Infrastructure\SC.Infrastructure.csproj", "{2974A52C-640A-4400-AE24-B06A048C55D1}"
EndProject
Project("{FAE04EC0-301F-11D3-BF4B-00C04F79EFBC}") = "SC.IoC", "Core\SC.IoC\SC.IoC.csproj", "{B4624139-8DBE-4CE2-A45B-7A339EA10180}"
EndProject
Project("{FAE04EC0-301F-11D3-BF4B-00C04F79EFBC}") = "SC.Bus", "Core\SC.Bus\SC.Bus.csproj", "{25B67A11-32D3-4DAA-AAE8-8954A9EE97AF}"
EndProject
Global
	GlobalSection(SolutionConfigurationPlatforms) = preSolution
		Debug|Any CPU = Debug|Any CPU
		Debug|x64 = Debug|x64
		Debug|x86 = Debug|x86
		Release|Any CPU = Release|Any CPU
		Release|x64 = Release|x64
		Release|x86 = Release|x86
	EndGlobalSection
	GlobalSection(SolutionProperties) = preSolution
		HideSolutionNode = FALSE
	EndGlobalSection
	GlobalSection(ProjectConfigurationPlatforms) = postSolution
		{DF7ECBA8-A493-4164-ABFC-1B309B314114}.Debug|Any CPU.ActiveCfg = Debug|Any CPU
		{DF7ECBA8-A493-4164-ABFC-1B309B314114}.Debug|Any CPU.Build.0 = Debug|Any CPU
		{DF7ECBA8-A493-4164-ABFC-1B309B314114}.Debug|x64.ActiveCfg = Debug|Any CPU
		{DF7ECBA8-A493-4164-ABFC-1B309B314114}.Debug|x64.Build.0 = Debug|Any CPU
		{DF7ECBA8-A493-4164-ABFC-1B309B314114}.Debug|x86.ActiveCfg = Debug|Any CPU
		{DF7ECBA8-A493-4164-ABFC-1B309B314114}.Debug|x86.Build.0 = Debug|Any CPU
		{DF7ECBA8-A493-4164-ABFC-1B309B314114}.Release|Any CPU.ActiveCfg = Release|Any CPU
		{DF7ECBA8-A493-4164-ABFC-1B309B314114}.Release|Any CPU.Build.0 = Release|Any CPU
		{DF7ECBA8-A493-4164-ABFC-1B309B314114}.Release|x64.ActiveCfg = Release|Any CPU
		{DF7ECBA8-A493-4164-ABFC-1B309B314114}.Release|x64.Build.0 = Release|Any CPU
		{DF7ECBA8-A493-4164-ABFC-1B309B314114}.Release|x86.ActiveCfg = Release|Any CPU
		{DF7ECBA8-A493-4164-ABFC-1B309B314114}.Release|x86.Build.0 = Release|Any CPU
		{4BD38491-387C-438E-B875-79F74BC79656}.Debug|Any CPU.ActiveCfg = Debug|Any CPU
		{4BD38491-387C-438E-B875-79F74BC79656}.Debug|Any CPU.Build.0 = Debug|Any CPU
		{4BD38491-387C-438E-B875-79F74BC79656}.Debug|x64.ActiveCfg = Debug|Any CPU
		{4BD38491-387C-438E-B875-79F74BC79656}.Debug|x64.Build.0 = Debug|Any CPU
		{4BD38491-387C-438E-B875-79F74BC79656}.Debug|x86.ActiveCfg = Debug|Any CPU
		{4BD38491-387C-438E-B875-79F74BC79656}.Debug|x86.Build.0 = Debug|Any CPU
		{4BD38491-387C-438E-B875-79F74BC79656}.Release|Any CPU.ActiveCfg = Release|Any CPU
		{4BD38491-387C-438E-B875-79F74BC79656}.Release|Any CPU.Build.0 = Release|Any CPU
		{4BD38491-387C-438E-B875-79F74BC79656}.Release|x64.ActiveCfg = Release|Any CPU
		{4BD38491-387C-438E-B875-79F74BC79656}.Release|x64.Build.0 = Release|Any CPU
		{4BD38491-387C-438E-B875-79F74BC79656}.Release|x86.ActiveCfg = Release|Any CPU
		{4BD38491-387C-438E-B875-79F74BC79656}.Release|x86.Build.0 = Release|Any CPU
		{9AB712CC-F083-4BC1-BF02-00A17F722665}.Debug|Any CPU.ActiveCfg = Debug|Any CPU
		{9AB712CC-F083-4BC1-BF02-00A17F722665}.Debug|Any CPU.Build.0 = Debug|Any CPU
		{9AB712CC-F083-4BC1-BF02-00A17F722665}.Debug|x64.ActiveCfg = Debug|Any CPU
		{9AB712CC-F083-4BC1-BF02-00A17F722665}.Debug|x64.Build.0 = Debug|Any CPU
		{9AB712CC-F083-4BC1-BF02-00A17F722665}.Debug|x86.ActiveCfg = Debug|Any CPU
		{9AB712CC-F083-4BC1-BF02-00A17F722665}.Debug|x86.Build.0 = Debug|Any CPU
		{9AB712CC-F083-4BC1-BF02-00A17F722665}.Release|Any CPU.ActiveCfg = Release|Any CPU
		{9AB712CC-F083-4BC1-BF02-00A17F722665}.Release|Any CPU.Build.0 = Release|Any CPU
		{9AB712CC-F083-4BC1-BF02-00A17F722665}.Release|x64.ActiveCfg = Release|Any CPU
		{9AB712CC-F083-4BC1-BF02-00A17F722665}.Release|x64.Build.0 = Release|Any CPU
		{9AB712CC-F083-4BC1-BF02-00A17F722665}.Release|x86.ActiveCfg = Release|Any CPU
		{9AB712CC-F083-4BC1-BF02-00A17F722665}.Release|x86.Build.0 = Release|Any CPU
		{2974A52C-640A-4400-AE24-B06A048C55D1}.Debug|Any CPU.ActiveCfg = Debug|Any CPU
		{2974A52C-640A-4400-AE24-B06A048C55D1}.Debug|Any CPU.Build.0 = Debug|Any CPU
		{2974A52C-640A-4400-AE24-B06A048C55D1}.Debug|x64.ActiveCfg = Debug|Any CPU
		{2974A52C-640A-4400-AE24-B06A048C55D1}.Debug|x64.Build.0 = Debug|Any CPU
		{2974A52C-640A-4400-AE24-B06A048C55D1}.Debug|x86.ActiveCfg = Debug|Any CPU
		{2974A52C-640A-4400-AE24-B06A048C55D1}.Debug|x86.Build.0 = Debug|Any CPU
		{2974A52C-640A-4400-AE24-B06A048C55D1}.Release|Any CPU.ActiveCfg = Release|Any CPU
		{2974A52C-640A-4400-AE24-B06A048C55D1}.Release|Any CPU.Build.0 = Release|Any CPU
		{2974A52C-640A-4400-AE24-B06A048C55D1}.Release|x64.ActiveCfg = Release|Any CPU
		{2974A52C-640A-4400-AE24-B06A048C55D1}.Release|x64.Build.0 = Release|Any CPU
		{2974A52C-640A-4400-AE24-B06A048C55D1}.Release|x86.ActiveCfg = Release|Any CPU
		{2974A52C-640A-4400-AE24-B06A048C55D1}.Release|x86.Build.0 = Release|Any CPU
		{B4624139-8DBE-4CE2-A45B-7A339EA10180}.Debug|Any CPU.ActiveCfg = Debug|Any CPU
		{B4624139-8DBE-4CE2-A45B-7A339EA10180}.Debug|Any CPU.Build.0 = Debug|Any CPU
		{B4624139-8DBE-4CE2-A45B-7A339EA10180}.Debug|x64.ActiveCfg = Debug|Any CPU
		{B4624139-8DBE-4CE2-A45B-7A339EA10180}.Debug|x64.Build.0 = Debug|Any CPU
		{B4624139-8DBE-4CE2-A45B-7A339EA10180}.Debug|x86.ActiveCfg = Debug|Any CPU
		{B4624139-8DBE-4CE2-A45B-7A339EA10180}.Debug|x86.Build.0 = Debug|Any CPU
		{B4624139-8DBE-4CE2-A45B-7A339EA10180}.Release|Any CPU.ActiveCfg = Release|Any CPU
		{B4624139-8DBE-4CE2-A45B-7A339EA10180}.Release|Any CPU.Build.0 = Release|Any CPU
		{B4624139-8DBE-4CE2-A45B-7A339EA10180}.Release|x64.ActiveCfg = Release|Any CPU
		{B4624139-8DBE-4CE2-A45B-7A339EA10180}.Release|x64.Build.0 = Release|Any CPU
		{B4624139-8DBE-4CE2-A45B-7A339EA10180}.Release|x86.ActiveCfg = Release|Any CPU
		{B4624139-8DBE-4CE2-A45B-7A339EA10180}.Release|x86.Build.0 = Release|Any CPU
		{25B67A11-32D3-4DAA-AAE8-8954A9EE97AF}.Debug|Any CPU.ActiveCfg = Debug|Any CPU
		{25B67A11-32D3-4DAA-AAE8-8954A9EE97AF}.Debug|Any CPU.Build.0 = Debug|Any CPU
		{25B67A11-32D3-4DAA-AAE8-8954A9EE97AF}.Debug|x64.ActiveCfg = Debug|Any CPU
		{25B67A11-32D3-4DAA-AAE8-8954A9EE97AF}.Debug|x64.Build.0 = Debug|Any CPU
		{25B67A11-32D3-4DAA-AAE8-8954A9EE97AF}.Debug|x86.ActiveCfg = Debug|Any CPU
		{25B67A11-32D3-4DAA-AAE8-8954A9EE97AF}.Debug|x86.Build.0 = Debug|Any CPU
		{25B67A11-32D3-4DAA-AAE8-8954A9EE97AF}.Release|Any CPU.ActiveCfg = Release|Any CPU
		{25B67A11-32D3-4DAA-AAE8-8954A9EE97AF}.Release|Any CPU.Build.0 = Release|Any CPU
		{25B67A11-32D3-4DAA-AAE8-8954A9EE97AF}.Release|x64.ActiveCfg = Release|Any CPU
		{25B67A11-32D3-4DAA-AAE8-8954A9EE97AF}.Release|x64.Build.0 = Release|Any CPU
		{25B67A11-32D3-4DAA-AAE8-8954A9EE97AF}.Release|x86.ActiveCfg = Release|Any CPU
		{25B67A11-32D3-4DAA-AAE8-8954A9EE97AF}.Release|x86.Build.0 = Release|Any CPU
	EndGlobalSection
	GlobalSection(NestedProjects) = preSolution
		{4BD38491-387C-438E-B875-79F74BC79656} = {FF3A6CD5-E24E-4EA2-8569-459B05B9E371}
		{9AB712CC-F083-4BC1-BF02-00A17F722665} = {FF3A6CD5-E24E-4EA2-8569-459B05B9E371}
		{2974A52C-640A-4400-AE24-B06A048C55D1} = {FF3A6CD5-E24E-4EA2-8569-459B05B9E371}
		{B4624139-8DBE-4CE2-A45B-7A339EA10180} = {FF3A6CD5-E24E-4EA2-8569-459B05B9E371}
		{25B67A11-32D3-4DAA-AAE8-8954A9EE97AF} = {FF3A6CD5-E24E-4EA2-8569-459B05B9E371}
	EndGlobalSection
EndGlobal
